
Microsoft Visual Studio Solution File, Format Version 12.00
# Visual Studio Version 17
VisualStudioVersion = 17.4.33205.214
MinimumVisualStudioVersion = 10.0.40219.1
Project("{FAE04EC0-301F-11D3-BF4B-00C04F79EFBC}") = "AdoNetCarWebpage", "AdoNetCarWebpage\AdoNetCarWebpage.csproj", "{58EEDAD1-A35E-4E5C-A2C3-BF42B729B2E5}"
EndProject
Global
	GlobalSection(SolutionConfigurationPlatforms) = preSolution
		Debug|Any CPU = Debug|Any CPU
		Release|Any CPU = Release|Any CPU
	EndGlobalSection
	GlobalSection(ProjectConfigurationPlatforms) = postSolution
		{58EEDAD1-A35E-4E5C-A2C3-BF42B729B2E5}.Debug|Any CPU.ActiveCfg = Debug|Any CPU
		{58EEDAD1-A35E-4E5C-A2C3-BF42B729B2E5}.Debug|Any CPU.Build.0 = Debug|Any CPU
		{58EEDAD1-A35E-4E5C-A2C3-BF42B729B2E5}.Release|Any CPU.ActiveCfg = Release|Any CPU
		{58EEDAD1-A35E-4E5C-A2C3-BF42B729B2E5}.Release|Any CPU.Build.0 = Release|Any CPU
	EndGlobalSection
	GlobalSection(SolutionProperties) = preSolution
		HideSolutionNode = FALSE
	EndGlobalSection
	GlobalSection(ExtensibilityGlobals) = postSolution
		SolutionGuid = {F12304B7-92A1-4767-A746-EC1E4BD88E55}
	EndGlobalSection
EndGlobal
